<?xml version="1.0" encoding="UTF-8"?>
<CodeBlocks_project_file>
	<FileVersion major="1" minor="6"/>
	<Project>
		<Option title="SimpleHTTPServer"/>
		<Option makefile_is_custom="1"/>
		<Option compiler="gcc"/>
		<Option virtualFolders="CMake Files\;"/>
		<Build>
			<Target title="all">
				<Option working_dir="/home/lengyu/CLionProjects/SimpleHTTPServer"/>
				<Option type="4"/>
				<MakeCommands>
					<Build command="/usr/bin/make -f &quot;/home/lengyu/CLionProjects/SimpleHTTPServer/Makefile&quot;  VERBOSE=1 all"/>
					<CompileFile command="/usr/bin/make -f &quot;/home/lengyu/CLionProjects/SimpleHTTPServer/Makefile&quot;  VERBOSE=1 &quot;$file&quot;"/>
					<Clean command="/usr/bin/make -f &quot;/home/lengyu/CLionProjects/SimpleHTTPServer/Makefile&quot;  VERBOSE=1 clean"/>
					<DistClean command="/usr/bin/make -f &quot;/home/lengyu/CLionProjects/SimpleHTTPServer/Makefile&quot;  VERBOSE=1 clean"/>
				</MakeCommands>
			</Target>
			<Target title="install/strip">
				<Option working_dir="/home/lengyu/CLionProjects/SimpleHTTPServer"/>
				<Option type="4"/>
				<MakeCommands>
					<Build command="/usr/bin/make -f &quot;/home/lengyu/CLionProjects/SimpleHTTPServer/Makefile&quot;  VERBOSE=1 install/strip"/>
					<CompileFile command="/usr/bin/make -f &quot;/home/lengyu/CLionProjects/SimpleHTTPServer/Makefile&quot;  VERBOSE=1 &quot;$file&quot;"/>
					<Clean command="/usr/bin/make -f &quot;/home/lengyu/CLionProjects/SimpleHTTPServer/Makefile&quot;  VERBOSE=1 clean"/>
					<DistClean command="/usr/bin/make -f &quot;/home/lengyu/CLionProjects/SimpleHTTPServer/Makefile&quot;  VERBOSE=1 clean"/>
				</MakeCommands>
			</Target>
			<Target title="edit_cache">
				<Option working_dir="/home/lengyu/CLionProjects/SimpleHTTPServer"/>
				<Option type="4"/>
				<MakeCommands>
					<Build command="/usr/bin/make -f &quot;/home/lengyu/CLionProjects/SimpleHTTPServer/Makefile&quot;  VERBOSE=1 edit_cache"/>
					<CompileFile command="/usr/bin/make -f &quot;/home/lengyu/CLionProjects/SimpleHTTPServer/Makefile&quot;  VERBOSE=1 &quot;$file&quot;"/>
					<Clean command="/usr/bin/make -f &quot;/home/lengyu/CLionProjects/SimpleHTTPServer/Makefile&quot;  VERBOSE=1 clean"/>
					<DistClean command="/usr/bin/make -f &quot;/home/lengyu/CLionProjects/SimpleHTTPServer/Makefile&quot;  VERBOSE=1 clean"/>
				</MakeCommands>
			</Target>
			<Target title="httpServer">
				<Option output="/home/lengyu/CLionProjects/SimpleHTTPServer/httpServer" prefix_auto="0" extension_auto="0"/>
				<Option working_dir="/home/lengyu/CLionProjects/SimpleHTTPServer"/>
				<Option object_output="./"/>
				<Option type="1"/>
				<Option compiler="gcc"/>
				<Compiler>
					<Add directory="/home/lengyu/CLionProjects/SimpleHTTPServer/SimpleHTTPServer/base"/>
					<Add directory="/home/lengyu/CLionProjects/SimpleHTTPServer/SimpleHTTPServer/tool"/>
					<Add directory="/home/lengyu/CLionProjects/SimpleHTTPServer/SimpleHTTPServer/tool/HTTP"/>
				</Compiler>
				<MakeCommands>
					<Build command="/usr/bin/make -f &quot;/home/lengyu/CLionProjects/SimpleHTTPServer/Makefile&quot;  VERBOSE=1 httpServer"/>
					<CompileFile command="/usr/bin/make -f &quot;/home/lengyu/CLionProjects/SimpleHTTPServer/Makefile&quot;  VERBOSE=1 &quot;$file&quot;"/>
					<Clean command="/usr/bin/make -f &quot;/home/lengyu/CLionProjects/SimpleHTTPServer/Makefile&quot;  VERBOSE=1 clean"/>
					<DistClean command="/usr/bin/make -f &quot;/home/lengyu/CLionProjects/SimpleHTTPServer/Makefile&quot;  VERBOSE=1 clean"/>
				</MakeCommands>
			</Target>
			<Target title="httpServer/fast">
				<Option output="/home/lengyu/CLionProjects/SimpleHTTPServer/httpServer" prefix_auto="0" extension_auto="0"/>
				<Option working_dir="/home/lengyu/CLionProjects/SimpleHTTPServer"/>
				<Option object_output="./"/>
				<Option type="1"/>
				<Option compiler="gcc"/>
				<Compiler>
					<Add directory="/home/lengyu/CLionProjects/SimpleHTTPServer/SimpleHTTPServer/base"/>
					<Add directory="/home/lengyu/CLionProjects/SimpleHTTPServer/SimpleHTTPServer/tool"/>
					<Add directory="/home/lengyu/CLionProjects/SimpleHTTPServer/SimpleHTTPServer/tool/HTTP"/>
				</Compiler>
				<MakeCommands>
					<Build command="/usr/bin/make -f &quot;/home/lengyu/CLionProjects/SimpleHTTPServer/Makefile&quot;  VERBOSE=1 httpServer/fast"/>
					<CompileFile command="/usr/bin/make -f &quot;/home/lengyu/CLionProjects/SimpleHTTPServer/Makefile&quot;  VERBOSE=1 &quot;$file&quot;"/>
					<Clean command="/usr/bin/make -f &quot;/home/lengyu/CLionProjects/SimpleHTTPServer/Makefile&quot;  VERBOSE=1 clean"/>
					<DistClean command="/usr/bin/make -f &quot;/home/lengyu/CLionProjects/SimpleHTTPServer/Makefile&quot;  VERBOSE=1 clean"/>
				</MakeCommands>
			</Target>
			<Target title="rebuild_cache">
				<Option working_dir="/home/lengyu/CLionProjects/SimpleHTTPServer"/>
				<Option type="4"/>
				<MakeCommands>
					<Build command="/usr/bin/make -f &quot;/home/lengyu/CLionProjects/SimpleHTTPServer/Makefile&quot;  VERBOSE=1 rebuild_cache"/>
					<CompileFile command="/usr/bin/make -f &quot;/home/lengyu/CLionProjects/SimpleHTTPServer/Makefile&quot;  VERBOSE=1 &quot;$file&quot;"/>
					<Clean command="/usr/bin/make -f &quot;/home/lengyu/CLionProjects/SimpleHTTPServer/Makefile&quot;  VERBOSE=1 clean"/>
					<DistClean command="/usr/bin/make -f &quot;/home/lengyu/CLionProjects/SimpleHTTPServer/Makefile&quot;  VERBOSE=1 clean"/>
				</MakeCommands>
			</Target>
			<Target title="list_install_components">
				<Option working_dir="/home/lengyu/CLionProjects/SimpleHTTPServer"/>
				<Option type="4"/>
				<MakeCommands>
					<Build command="/usr/bin/make -f &quot;/home/lengyu/CLionProjects/SimpleHTTPServer/Makefile&quot;  VERBOSE=1 list_install_components"/>
					<CompileFile command="/usr/bin/make -f &quot;/home/lengyu/CLionProjects/SimpleHTTPServer/Makefile&quot;  VERBOSE=1 &quot;$file&quot;"/>
					<Clean command="/usr/bin/make -f &quot;/home/lengyu/CLionProjects/SimpleHTTPServer/Makefile&quot;  VERBOSE=1 clean"/>
					<DistClean command="/usr/bin/make -f &quot;/home/lengyu/CLionProjects/SimpleHTTPServer/Makefile&quot;  VERBOSE=1 clean"/>
				</MakeCommands>
			</Target>
			<Target title="install/local">
				<Option working_dir="/home/lengyu/CLionProjects/SimpleHTTPServer"/>
				<Option type="4"/>
				<MakeCommands>
					<Build command="/usr/bin/make -f &quot;/home/lengyu/CLionProjects/SimpleHTTPServer/Makefile&quot;  VERBOSE=1 install/local"/>
					<CompileFile command="/usr/bin/make -f &quot;/home/lengyu/CLionProjects/SimpleHTTPServer/Makefile&quot;  VERBOSE=1 &quot;$file&quot;"/>
					<Clean command="/usr/bin/make -f &quot;/home/lengyu/CLionProjects/SimpleHTTPServer/Makefile&quot;  VERBOSE=1 clean"/>
					<DistClean command="/usr/bin/make -f &quot;/home/lengyu/CLionProjects/SimpleHTTPServer/Makefile&quot;  VERBOSE=1 clean"/>
				</MakeCommands>
			</Target>
			<Target title="install">
				<Option working_dir="/home/lengyu/CLionProjects/SimpleHTTPServer"/>
				<Option type="4"/>
				<MakeCommands>
					<Build command="/usr/bin/make -f &quot;/home/lengyu/CLionProjects/SimpleHTTPServer/Makefile&quot;  VERBOSE=1 install"/>
					<CompileFile command="/usr/bin/make -f &quot;/home/lengyu/CLionProjects/SimpleHTTPServer/Makefile&quot;  VERBOSE=1 &quot;$file&quot;"/>
					<Clean command="/usr/bin/make -f &quot;/home/lengyu/CLionProjects/SimpleHTTPServer/Makefile&quot;  VERBOSE=1 clean"/>
					<DistClean command="/usr/bin/make -f &quot;/home/lengyu/CLionProjects/SimpleHTTPServer/Makefile&quot;  VERBOSE=1 clean"/>
				</MakeCommands>
			</Target>
		</Build>
		<Unit filename="/home/lengyu/CLionProjects/SimpleHTTPServer/SimpleHTTPServer/base/CurrentThread.cpp">
			<Option target="httpServer"/>
		</Unit>
		<Unit filename="/home/lengyu/CLionProjects/SimpleHTTPServer/SimpleHTTPServer/base/CurrentThread.h">
			<Option target="httpServer"/>
		</Unit>
		<Unit filename="/home/lengyu/CLionProjects/SimpleHTTPServer/SimpleHTTPServer/base/GlobalConfig.cpp">
			<Option target="httpServer"/>
		</Unit>
		<Unit filename="/home/lengyu/CLionProjects/SimpleHTTPServer/SimpleHTTPServer/base/GlobalConfig.h">
			<Option target="httpServer"/>
		</Unit>
		<Unit filename="/home/lengyu/CLionProjects/SimpleHTTPServer/SimpleHTTPServer/base/HTTPTask.cpp">
			<Option target="httpServer"/>
		</Unit>
		<Unit filename="/home/lengyu/CLionProjects/SimpleHTTPServer/SimpleHTTPServer/base/HTTPTask.h">
			<Option target="httpServer"/>
		</Unit>
		<Unit filename="/home/lengyu/CLionProjects/SimpleHTTPServer/SimpleHTTPServer/base/ListenServer.cpp">
			<Option target="httpServer"/>
		</Unit>
		<Unit filename="/home/lengyu/CLionProjects/SimpleHTTPServer/SimpleHTTPServer/base/ListenServer.h">
			<Option target="httpServer"/>
		</Unit>
		<Unit filename="/home/lengyu/CLionProjects/SimpleHTTPServer/SimpleHTTPServer/base/main.cpp">
			<Option target="httpServer"/>
		</Unit>
		<Unit filename="/home/lengyu/CLionProjects/SimpleHTTPServer/SimpleHTTPServer/tool/Buffer.cpp">
			<Option target="httpServer"/>
		</Unit>
		<Unit filename="/home/lengyu/CLionProjects/SimpleHTTPServer/SimpleHTTPServer/tool/Buffer.h">
			<Option target="httpServer"/>
		</Unit>
		<Unit filename="/home/lengyu/CLionProjects/SimpleHTTPServer/SimpleHTTPServer/tool/Cache.cpp">
			<Option target="httpServer"/>
		</Unit>
		<Unit filename="/home/lengyu/CLionProjects/SimpleHTTPServer/SimpleHTTPServer/tool/Cache.h">
			<Option target="httpServer"/>
		</Unit>
		<Unit filename="/home/lengyu/CLionProjects/SimpleHTTPServer/SimpleHTTPServer/tool/HTTP/httpContext.cpp">
			<Option target="httpServer"/>
		</Unit>
		<Unit filename="/home/lengyu/CLionProjects/SimpleHTTPServer/SimpleHTTPServer/tool/HTTP/httpContext.h">
			<Option target="httpServer"/>
		</Unit>
		<Unit filename="/home/lengyu/CLionProjects/SimpleHTTPServer/SimpleHTTPServer/tool/LogStream.cpp">
			<Option target="httpServer"/>
		</Unit>
		<Unit filename="/home/lengyu/CLionProjects/SimpleHTTPServer/SimpleHTTPServer/tool/LogStream.h">
			<Option target="httpServer"/>
		</Unit>
		<Unit filename="/home/lengyu/CLionProjects/SimpleHTTPServer/SimpleHTTPServer/tool/Logger.cpp">
			<Option target="httpServer"/>
		</Unit>
		<Unit filename="/home/lengyu/CLionProjects/SimpleHTTPServer/SimpleHTTPServer/tool/Logger.h">
			<Option target="httpServer"/>
		</Unit>
		<Unit filename="/home/lengyu/CLionProjects/SimpleHTTPServer/SimpleHTTPServer/tool/Logging.cpp">
			<Option target="httpServer"/>
		</Unit>
		<Unit filename="/home/lengyu/CLionProjects/SimpleHTTPServer/SimpleHTTPServer/tool/Logging.h">
			<Option target="httpServer"/>
		</Unit>
		<Unit filename="/home/lengyu/CLionProjects/SimpleHTTPServer/SimpleHTTPServer/tool/epollHelp.cpp">
			<Option target="httpServer"/>
		</Unit>
		<Unit filename="/home/lengyu/CLionProjects/SimpleHTTPServer/SimpleHTTPServer/tool/epollHelp.h">
			<Option target="httpServer"/>
		</Unit>
		<Unit filename="/home/lengyu/CLionProjects/SimpleHTTPServer/SimpleHTTPServer/tool/errHelp.cpp">
			<Option target="httpServer"/>
		</Unit>
		<Unit filename="/home/lengyu/CLionProjects/SimpleHTTPServer/SimpleHTTPServer/tool/errHelp.h">
			<Option target="httpServer"/>
		</Unit>
		<Unit filename="/home/lengyu/CLionProjects/SimpleHTTPServer/SimpleHTTPServer/tool/io.cpp">
			<Option target="httpServer"/>
		</Unit>
		<Unit filename="/home/lengyu/CLionProjects/SimpleHTTPServer/SimpleHTTPServer/tool/io.h">
			<Option target="httpServer"/>
		</Unit>
		<Unit filename="/home/lengyu/CLionProjects/SimpleHTTPServer/SimpleHTTPServer/tool/nethelp.cpp">
			<Option target="httpServer"/>
		</Unit>
		<Unit filename="/home/lengyu/CLionProjects/SimpleHTTPServer/SimpleHTTPServer/tool/nethelp.h">
			<Option target="httpServer"/>
		</Unit>
		<Unit filename="/home/lengyu/CLionProjects/SimpleHTTPServer/CMakeLists.txt">
			<Option virtualFolder="CMake Files\"/>
		</Unit>
	</Project>
</CodeBlocks_project_file>
